
Microsoft Visual Studio Solution File, Format Version 12.00
# Visual Studio Version 17
VisualStudioVersion = 17.8.34525.116
MinimumVisualStudioVersion = 10.0.40219.1
Project("{FAE04EC0-301F-11D3-BF4B-00C04F79EFBC}") = "Uygulama1", "Uygulama1\Uygulama1.csproj", "{FDA7FBA1-CC31-4798-8DB4-6E840E9B705B}"
EndProject
Global
	GlobalSection(SolutionConfigurationPlatforms) = preSolution
		Debug|Any CPU = Debug|Any CPU
		Release|Any CPU = Release|Any CPU
	EndGlobalSection
	GlobalSection(ProjectConfigurationPlatforms) = postSolution
		{FDA7FBA1-CC31-4798-8DB4-6E840E9B705B}.Debug|Any CPU.ActiveCfg = Debug|Any CPU
		{FDA7FBA1-CC31-4798-8DB4-6E840E9B705B}.Debug|Any CPU.Build.0 = Debug|Any CPU
		{FDA7FBA1-CC31-4798-8DB4-6E840E9B705B}.Release|Any CPU.ActiveCfg = Release|Any CPU
		{FDA7FBA1-CC31-4798-8DB4-6E840E9B705B}.Release|Any CPU.Build.0 = Release|Any CPU
	EndGlobalSection
	GlobalSection(SolutionProperties) = preSolution
		HideSolutionNode = FALSE
	EndGlobalSection
	GlobalSection(ExtensibilityGlobals) = postSolution
		SolutionGuid = {22ADB324-C37B-4A1C-BD7F-E44AB94ADB98}
	EndGlobalSection
EndGlobal
